// !$*UTF8*$!
{
	archiveVersion = 1;
	classes = {
	};
	objectVersion = 48;
	objects = {

/* Begin PBXBuildFile section */
		84FEF4D41F89273F00679AD4 /* AppDelegate.swift in Sources */ = {isa = PBXBuildFile; fileRef = 84FEF4D31F89273F00679AD4 /* AppDelegate.swift */; };
		84FEF4D61F89273F00679AD4 /* ViewController.swift in Sources */ = {isa = PBXBuildFile; fileRef = 84FEF4D51F89273F00679AD4 /* ViewController.swift */; };
		84FEF4D91F89273F00679AD4 /* Main.storyboard in Resources */ = {isa = PBXBuildFile; fileRef = 84FEF4D71F89273F00679AD4 /* Main.storyboard */; };
		84FEF4DB1F89273F00679AD4 /* Assets.xcassets in Resources */ = {isa = PBXBuildFile; fileRef = 84FEF4DA1F89273F00679AD4 /* Assets.xcassets */; };
		84FEF4DE1F89273F00679AD4 /* LaunchScreen.storyboard in Resources */ = {isa = PBXBuildFile; fileRef = 84FEF4DC1F89273F00679AD4 /* LaunchScreen.storyboard */; };
		84FEF4E91F89273F00679AD4 /* pdfKitSamplerTests.swift in Sources */ = {isa = PBXBuildFile; fileRef = 84FEF4E81F89273F00679AD4 /* pdfKitSamplerTests.swift */; };
		84FEF4F41F89274000679AD4 /* pdfKitSamplerUITests.swift in Sources */ = {isa = PBXBuildFile; fileRef = 84FEF4F31F89274000679AD4 /* pdfKitSamplerUITests.swift */; };
/* End PBXBuildFile section */

/* Begin PBXContainerItemProxy section */
		84FEF4E51F89273F00679AD4 /* PBXContainerItemProxy */ = {
			isa = PBXContainerItemProxy;
			containerPortal = 84FEF4C81F89273F00679AD4 /* Project object */;
			proxyType = 1;
			remoteGlobalIDString = 84FEF4CF1F89273F00679AD4;
			remoteInfo = pdfKitSampler;
		};
		84FEF4F01F89274000679AD4 /* PBXContainerItemProxy */ = {
			isa = PBXContainerItemProxy;
			containerPortal = 84FEF4C81F89273F00679AD4 /* Project object */;
			proxyType = 1;
			remoteGlobalIDString = 84FEF4CF1F89273F00679AD4;
			remoteInfo = pdfKitSampler;
		};
/* End PBXContainerItemProxy section */

/* Begin PBXFileReference section */
		84FEF4D01F89273F00679AD4 /* pdfKitSampler.app */ = {isa = PBXFileReference; explicitFileType = wrapper.application; includeInIndex = 0; path = pdfKitSampler.app; sourceTree = BUILT_PRODUCTS_DIR; };
		84FEF4D31F89273F00679AD4 /* AppDelegate.swift */ = {isa = PBXFileReference; lastKnownFileType = sourcecode.swift; path = AppDelegate.swift; sourceTree = "<group>"; };
		84FEF4D51F89273F00679AD4 /* ViewController.swift */ = {isa = PBXFileReference; lastKnownFileType = sourcecode.swift; path = ViewController.swift; sourceTree = "<group>"; };
		84FEF4D81F89273F00679AD4 /* Base */ = {isa = PBXFileReference; lastKnownFileType = file.storyboard; name = Base; path = Base.lproj/Main.storyboard; sourceTree = "<group>"; };
		84FEF4DA1F89273F00679AD4 /* Assets.xcassets */ = {isa = PBXFileReference; lastKnownFileType = folder.assetcatalog; path = Assets.xcassets; sourceTree = "<group>"; };
		84FEF4DD1F89273F00679AD4 /* Base */ = {isa = PBXFileReference; lastKnownFileType = file.storyboard; name = Base; path = Base.lproj/LaunchScreen.storyboard; sourceTree = "<group>"; };
		84FEF4DF1F89273F00679AD4 /* Info.plist */ = {isa = PBXFileReference; lastKnownFileType = text.plist.xml; path = Info.plist; sourceTree = "<group>"; };
		84FEF4E41F89273F00679AD4 /* pdfKitSamplerTests.xctest */ = {isa = PBXFileReference; explicitFileType = wrapper.cfbundle; includeInIndex = 0; path = pdfKitSamplerTests.xctest; sourceTree = BUILT_PRODUCTS_DIR; };
		84FEF4E81F89273F00679AD4 /* pdfKitSamplerTests.swift */ = {isa = PBXFileReference; lastKnownFileType = sourcecode.swift; path = pdfKitSamplerTests.swift; sourceTree = "<group>"; };
		84FEF4EA1F89273F00679AD4 /* Info.plist */ = {isa = PBXFileReference; lastKnownFileType = text.plist.xml; path = Info.plist; sourceTree = "<group>"; };
		84FEF4EF1F89274000679AD4 /* pdfKitSamplerUITests.xctest */ = {isa = PBXFileReference; explicitFileType = wrapper.cfbundle; includeInIndex = 0; path = pdfKitSamplerUITests.xctest; sourceTree = BUILT_PRODUCTS_DIR; };
		84FEF4F31F89274000679AD4 /* pdfKitSamplerUITests.swift */ = {isa = PBXFileReference; lastKnownFileType = sourcecode.swift; path = pdfKitSamplerUITests.swift; sourceTree = "<group>"; };
		84FEF4F51F89274000679AD4 /* Info.plist */ = {isa = PBXFileReference; lastKnownFileType = text.plist.xml; path = Info.plist; sourceTree = "<group>"; };
		84FEF5011F89284900679AD4 /* hacking-with-tvos.pdf */ = {isa = PBXFileReference; lastKnownFileType = image.pdf; path = "hacking-with-tvos.pdf"; sourceTree = "<group>"; };
		84FEF5021F89284900679AD4 /* hacking-with-swift.pdf */ = {isa = PBXFileReference; lastKnownFileType = image.pdf; path = "hacking-with-swift.pdf"; sourceTree = "<group>"; };
		84FEF5031F89284900679AD4 /* beyond-code.pdf */ = {isa = PBXFileReference; lastKnownFileType = image.pdf; path = "beyond-code.pdf"; sourceTree = "<group>"; };
		84FEF5041F89284900679AD4 /* swift-coding-challenges.pdf */ = {isa = PBXFileReference; lastKnownFileType = image.pdf; path = "swift-coding-challenges.pdf"; sourceTree = "<group>"; };
		84FEF5051F89284900679AD4 /* practical-ios-10.pdf */ = {isa = PBXFileReference; lastKnownFileType = image.pdf; path = "practical-ios-10.pdf"; sourceTree = "<group>"; };
		84FEF5061F89284900679AD4 /* practical-ios-11.pdf */ = {isa = PBXFileReference; lastKnownFileType = image.pdf; path = "practical-ios-11.pdf"; sourceTree = "<group>"; };
		84FEF5071F89284900679AD4 /* pro-swift.pdf */ = {isa = PBXFileReference; lastKnownFileType = image.pdf; path = "pro-swift.pdf"; sourceTree = "<group>"; };
		84FEF5081F89284A00679AD4 /* server-side-swift.pdf */ = {isa = PBXFileReference; lastKnownFileType = image.pdf; path = "server-side-swift.pdf"; sourceTree = "<group>"; };
		84FEF5091F89284A00679AD4 /* hacking-with-watchos.pdf */ = {isa = PBXFileReference; lastKnownFileType = image.pdf; path = "hacking-with-watchos.pdf"; sourceTree = "<group>"; };
		84FEF50A1F89284A00679AD4 /* objective-c-for-swift-developers.pdf */ = {isa = PBXFileReference; lastKnownFileType = image.pdf; path = "objective-c-for-swift-developers.pdf"; sourceTree = "<group>"; };
		84FEF50B1F89284A00679AD4 /* hacking-with-macos.pdf */ = {isa = PBXFileReference; lastKnownFileType = image.pdf; path = "hacking-with-macos.pdf"; sourceTree = "<group>"; };
/* End PBXFileReference section */

/* Begin PBXFrameworksBuildPhase section */
		84FEF4CD1F89273F00679AD4 /* Frameworks */ = {
			isa = PBXFrameworksBuildPhase;
			buildActionMask = 2147483647;
			files = (
			);
			runOnlyForDeploymentPostprocessing = 0;
		};
		84FEF4E11F89273F00679AD4 /* Frameworks */ = {
			isa = PBXFrameworksBuildPhase;
			buildActionMask = 2147483647;
			files = (
			);
			runOnlyForDeploymentPostprocessing = 0;
		};
		84FEF4EC1F89274000679AD4 /* Frameworks */ = {
			isa = PBXFrameworksBuildPhase;
			buildActionMask = 2147483647;
			files = (
			);
			runOnlyForDeploymentPostprocessing = 0;
		};
/* End PBXFrameworksBuildPhase section */

/* Begin PBXGroup section */
		84FEF4C71F89273F00679AD4 = {
			isa = PBXGroup;
			children = (
				84FEF4D21F89273F00679AD4 /* pdfKitSampler */,
				84FEF4E71F89273F00679AD4 /* pdfKitSamplerTests */,
				84FEF4F21F89274000679AD4 /* pdfKitSamplerUITests */,
				84FEF4D11F89273F00679AD4 /* Products */,
			);
			sourceTree = "<group>";
		};
		84FEF4D11F89273F00679AD4 /* Products */ = {
			isa = PBXGroup;
			children = (
				84FEF4D01F89273F00679AD4 /* pdfKitSampler.app */,
				84FEF4E41F89273F00679AD4 /* pdfKitSamplerTests.xctest */,
				84FEF4EF1F89274000679AD4 /* pdfKitSamplerUITests.xctest */,
			);
			name = Products;
			sourceTree = "<group>";
		};
		84FEF4D21F89273F00679AD4 /* pdfKitSampler */ = {
			isa = PBXGroup;
			children = (
				84FEF4D31F89273F00679AD4 /* AppDelegate.swift */,
				84FEF4D51F89273F00679AD4 /* ViewController.swift */,
				84FEF4D71F89273F00679AD4 /* Main.storyboard */,
				84FEF4DA1F89273F00679AD4 /* Assets.xcassets */,
				84FEF4DC1F89273F00679AD4 /* LaunchScreen.storyboard */,
				84FEF4DF1F89273F00679AD4 /* Info.plist */,
			);
			path = pdfKitSampler;
			sourceTree = "<group>";
		};
		84FEF4E71F89273F00679AD4 /* pdfKitSamplerTests */ = {
			isa = PBXGroup;
			children = (
				84FEF4E81F89273F00679AD4 /* pdfKitSamplerTests.swift */,
				84FEF4EA1F89273F00679AD4 /* Info.plist */,
				84FEF5031F89284900679AD4 /* beyond-code.pdf */,
				84FEF50B1F89284A00679AD4 /* hacking-with-macos.pdf */,
				84FEF5021F89284900679AD4 /* hacking-with-swift.pdf */,
				84FEF5011F89284900679AD4 /* hacking-with-tvos.pdf */,
				84FEF5091F89284A00679AD4 /* hacking-with-watchos.pdf */,
				84FEF50A1F89284A00679AD4 /* objective-c-for-swift-developers.pdf */,
				84FEF5051F89284900679AD4 /* practical-ios-10.pdf */,
				84FEF5061F89284900679AD4 /* practical-ios-11.pdf */,
				84FEF5071F89284900679AD4 /* pro-swift.pdf */,
				84FEF5081F89284A00679AD4 /* server-side-swift.pdf */,
				84FEF5041F89284900679AD4 /* swift-coding-challenges.pdf */,
			);
			path = pdfKitSamplerTests;
			sourceTree = "<group>";
		};
		84FEF4F21F89274000679AD4 /* pdfKitSamplerUITests */ = {
			isa = PBXGroup;
			children = (
				84FEF4F31F89274000679AD4 /* pdfKitSamplerUITests.swift */,
				84FEF4F51F89274000679AD4 /* Info.plist */,
			);
			path = pdfKitSamplerUITests;
			sourceTree = "<group>";
		};
/* End PBXGroup section */

/* Begin PBXNativeTarget section */
		84FEF4CF1F89273F00679AD4 /* pdfKitSampler */ = {
			isa = PBXNativeTarget;
			buildConfigurationList = 84FEF4F81F89274000679AD4 /* Build configuration list for PBXNativeTarget "pdfKitSampler" */;
			buildPhases = (
				84FEF4CC1F89273F00679AD4 /* Sources */,
				84FEF4CD1F89273F00679AD4 /* Frameworks */,
				84FEF4CE1F89273F00679AD4 /* Resources */,
			);
			buildRules = (
			);
			dependencies = (
			);
			name = pdfKitSampler;
			productName = pdfKitSampler;
			productReference = 84FEF4D01F89273F00679AD4 /* pdfKitSampler.app */;
			productType = "com.apple.product-type.application";
		};
		84FEF4E31F89273F00679AD4 /* pdfKitSamplerTests */ = {
			isa = PBXNativeTarget;
			buildConfigurationList = 84FEF4FB1F89274000679AD4 /* Build configuration list for PBXNativeTarget "pdfKitSamplerTests" */;
			buildPhases = (
				84FEF4E01F89273F00679AD4 /* Sources */,
				84FEF4E11F89273F00679AD4 /* Frameworks */,
				84FEF4E21F89273F00679AD4 /* Resources */,
			);
			buildRules = (
			);
			dependencies = (
				84FEF4E61F89273F00679AD4 /* PBXTargetDependency */,
			);
			name = pdfKitSamplerTests;
			productName = pdfKitSamplerTests;
			productReference = 84FEF4E41F89273F00679AD4 /* pdfKitSamplerTests.xctest */;
			productType = "com.apple.product-type.bundle.unit-test";
		};
		84FEF4EE1F89274000679AD4 /* pdfKitSamplerUITests */ = {
			isa = PBXNativeTarget;
			buildConfigurationList = 84FEF4FE1F89274000679AD4 /* Build configuration list for PBXNativeTarget "pdfKitSamplerUITests" */;
			buildPhases = (
				84FEF4EB1F89274000679AD4 /* Sources */,
				84FEF4EC1F89274000679AD4 /* Frameworks */,
				84FEF4ED1F89274000679AD4 /* Resources */,
			);
			buildRules = (
			);
			dependencies = (
				84FEF4F11F89274000679AD4 /* PBXTargetDependency */,
			);
			name = pdfKitSamplerUITests;
			productName = pdfKitSamplerUITests;
			productReference = 84FEF4EF1F89274000679AD4 /* pdfKitSamplerUITests.xctest */;
			productType = "com.apple.product-type.bundle.ui-testing";
		};
/* End PBXNativeTarget section */

/* Begin PBXProject section */
		84FEF4C81F89273F00679AD4 /* Project object */ = {
			isa = PBXProject;
			attributes = {
				LastSwiftUpdateCheck = 0900;
				LastUpgradeCheck = 0900;
				ORGANIZATIONNAME = "Tinnell, Clay";
				TargetAttributes = {
					84FEF4CF1F89273F00679AD4 = {
						CreatedOnToolsVersion = 9.0;
						ProvisioningStyle = Automatic;
					};
					84FEF4E31F89273F00679AD4 = {
						CreatedOnToolsVersion = 9.0;
						ProvisioningStyle = Automatic;
						TestTargetID = 84FEF4CF1F89273F00679AD4;
					};
					84FEF4EE1F89274000679AD4 = {
						CreatedOnToolsVersion = 9.0;
						ProvisioningStyle = Automatic;
						TestTargetID = 84FEF4CF1F89273F00679AD4;
					};
				};
			};
			buildConfigurationList = 84FEF4CB1F89273F00679AD4 /* Build configuration list for PBXProject "pdfKitSampler" */;
			compatibilityVersion = "Xcode 8.0";
			developmentRegion = en;
			hasScannedForEncodings = 0;
			knownRegions = (
				en,
				Base,
			);
			mainGroup = 84FEF4C71F89273F00679AD4;
			productRefGroup = 84FEF4D11F89273F00679AD4 /* Products */;
			projectDirPath = "";
			projectRoot = "";
			targets = (
				84FEF4CF1F89273F00679AD4 /* pdfKitSampler */,
				84FEF4E31F89273F00679AD4 /* pdfKitSamplerTests */,
				84FEF4EE1F89274000679AD4 /* pdfKitSamplerUITests */,
			);
		};
/* End PBXProject section */

/* Begin PBXResourcesBuildPhase section */
		84FEF4CE1F89273F00679AD4 /* Resources */ = {
			isa = PBXResourcesBuildPhase;
			buildActionMask = 2147483647;
			files = (
				84FEF4DE1F89273F00679AD4 /* LaunchScreen.storyboard in Resources */,
				84FEF4DB1F89273F00679AD4 /* Assets.xcassets in Resources */,
				84FEF4D91F89273F00679AD4 /* Main.storyboard in Resources */,
			);
			runOnlyForDeploymentPostprocessing = 0;
		};
		84FEF4E21F89273F00679AD4 /* Resources */ = {
			isa = PBXResourcesBuildPhase;
			buildActionMask = 2147483647;
			files = (
			);
			runOnlyForDeploymentPostprocessing = 0;
		};
		84FEF4ED1F89274000679AD4 /* Resources */ = {
			isa = PBXResourcesBuildPhase;
			buildActionMask = 2147483647;
			files = (
			);
			runOnlyForDeploymentPostprocessing = 0;
		};
/* End PBXResourcesBuildPhase section */

/* Begin PBXSourcesBuildPhase section */
		84FEF4CC1F89273F00679AD4 /* Sources */ = {
			isa = PBXSourcesBuildPhase;
			buildActionMask = 2147483647;
			files = (
				84FEF4D61F89273F00679AD4 /* ViewController.swift in Sources */,
				84FEF4D41F89273F00679AD4 /* AppDelegate.swift in Sources */,
			);
			runOnlyForDeploymentPostprocessing = 0;
		};
		84FEF4E01F89273F00679AD4 /* Sources */ = {
			isa = PBXSourcesBuildPhase;
			buildActionMask = 2147483647;
			files = (
				84FEF4E91F89273F00679AD4 /* pdfKitSamplerTests.swift in Sources */,
			);
			runOnlyForDeploymentPostprocessing = 0;
		};
		84FEF4EB1F89274000679AD4 /* Sources */ = {
			isa = PBXSourcesBuildPhase;
			buildActionMask = 2147483647;
			files = (
				84FEF4F41F89274000679AD4 /* pdfKitSamplerUITests.swift in Sources */,
			);
			runOnlyForDeploymentPostprocessing = 0;
		};
/* End PBXSourcesBuildPhase section */

/* Begin PBXTargetDependency section */
		84FEF4E61F89273F00679AD4 /* PBXTargetDependency */ = {
			isa = PBXTargetDependency;
			target = 84FEF4CF1F89273F00679AD4 /* pdfKitSampler */;
			targetProxy = 84FEF4E51F89273F00679AD4 /* PBXContainerItemProxy */;
		};
		84FEF4F11F89274000679AD4 /* PBXTargetDependency */ = {
			isa = PBXTargetDependency;
			target = 84FEF4CF1F89273F00679AD4 /* pdfKitSampler */;
			targetProxy = 84FEF4F01F89274000679AD4 /* PBXContainerItemProxy */;
		};
/* End PBXTargetDependency section */

/* Begin PBXVariantGroup section */
		84FEF4D71F89273F00679AD4 /* Main.storyboard */ = {
			isa = PBXVariantGroup;
			children = (
				84FEF4D81F89273F00679AD4 /* Base */,
			);
			name = Main.storyboard;
			sourceTree = "<group>";
		};
		84FEF4DC1F89273F00679AD4 /* LaunchScreen.storyboard */ = {
			isa = PBXVariantGroup;
			children = (
				84FEF4DD1F89273F00679AD4 /* Base */,
			);
			name = LaunchScreen.storyboard;
			sourceTree = "<group>";
		};
/* End PBXVariantGroup section */

/* Begin XCBuildConfiguration section */
		84FEF4F61F89274000679AD4 /* Debug */ = {
			isa = XCBuildConfiguration;
			buildSettings = {
				ALWAYS_SEARCH_USER_PATHS = NO;
				CLANG_ANALYZER_NONNULL = YES;
				CLANG_ANALYZER_NUMBER_OBJECT_CONVERSION = YES_AGGRESSIVE;
				CLANG_CXX_LANGUAGE_STANDARD = "gnu++14";
				CLANG_CXX_LIBRARY = "libc++";
				CLANG_ENABLE_MODULES = YES;
				CLANG_ENABLE_OBJC_ARC = YES;
				CLANG_WARN_BLOCK_CAPTURE_AUTORELEASING = YES;
				CLANG_WARN_BOOL_CONVERSION = YES;
				CLANG_WARN_COMMA = YES;
				CLANG_WARN_CONSTANT_CONVERSION = YES;
				CLANG_WARN_DIRECT_OBJC_ISA_USAGE = YES_ERROR;
				CLANG_WARN_DOCUMENTATION_COMMENTS = YES;
				CLANG_WARN_EMPTY_BODY = YES;
				CLANG_WARN_ENUM_CONVERSION = YES;
				CLANG_WARN_INFINITE_RECURSION = YES;
				CLANG_WARN_INT_CONVERSION = YES;
				CLANG_WARN_NON_LITERAL_NULL_CONVERSION = YES;
				CLANG_WARN_OBJC_LITERAL_CONVERSION = YES;
				CLANG_WARN_OBJC_ROOT_CLASS = YES_ERROR;
				CLANG_WARN_RANGE_LOOP_ANALYSIS = YES;
				CLANG_WARN_STRICT_PROTOTYPES = YES;
				CLANG_WARN_SUSPICIOUS_MOVE = YES;
				CLANG_WARN_UNGUARDED_AVAILABILITY = YES_AGGRESSIVE;
				CLANG_WARN_UNREACHABLE_CODE = YES;
				CLANG_WARN__DUPLICATE_METHOD_MATCH = YES;
				CODE_SIGN_IDENTITY = "iPhone Developer";
				COPY_PHASE_STRIP = NO;
				DEBUG_INFORMATION_FORMAT = dwarf;
				ENABLE_STRICT_OBJC_MSGSEND = YES;
				ENABLE_TESTABILITY = YES;
				GCC_C_LANGUAGE_STANDARD = gnu11;
				GCC_DYNAMIC_NO_PIC = NO;
				GCC_NO_COMMON_BLOCKS = YES;
				GCC_OPTIMIZATION_LEVEL = 0;
				GCC_PREPROCESSOR_DEFINITIONS = (
					"DEBUG=1",
					"$(inherited)",
				);
				GCC_WARN_64_TO_32_BIT_CONVERSION = YES;
				GCC_WARN_ABOUT_RETURN_TYPE = YES_ERROR;
				GCC_WARN_UNDECLARED_SELECTOR = YES;
				GCC_WARN_UNINITIALIZED_AUTOS = YES_AGGRESSIVE;
				GCC_WARN_UNUSED_FUNCTION = YES;
				GCC_WARN_UNUSED_VARIABLE = YES;
				IPHONEOS_DEPLOYMENT_TARGET = 11.0;
				MTL_ENABLE_DEBUG_INFO = YES;
				ONLY_ACTIVE_ARCH = YES;
				SDKROOT = iphoneos;
				SWIFT_ACTIVE_COMPILATION_CONDITIONS = DEBUG;
				SWIFT_OPTIMIZATION_LEVEL = "-Onone";
			};
			name = Debug;
		};
		84FEF4F71F89274000679AD4 /* Release */ = {
			isa = XCBuildConfiguration;
			buildSettings = {
				ALWAYS_SEARCH_USER_PATHS = NO;
				CLANG_ANALYZER_NONNULL = YES;
				CLANG_ANALYZER_NUMBER_OBJECT_CONVERSION = YES_AGGRESSIVE;
				CLANG_CXX_LANGUAGE_STANDARD = "gnu++14";
				CLANG_CXX_LIBRARY = "libc++";
				CLANG_ENABLE_MODULES = YES;
				CLANG_ENABLE_OBJC_ARC = YES;
				CLANG_WARN_BLOCK_CAPTURE_AUTORELEASING = YES;
				CLANG_WARN_BOOL_CONVERSION = YES;
				CLANG_WARN_COMMA = YES;
				CLANG_WARN_CONSTANT_CONVERSION = YES;
				CLANG_WARN_DIRECT_OBJC_ISA_USAGE = YES_ERROR;
				CLANG_WARN_DOCUMENTATION_COMMENTS = YES;
				CLANG_WARN_EMPTY_BODY = YES;
				CLANG_WARN_ENUM_CONVERSION = YES;
				CLANG_WARN_INFINITE_RECURSION = YES;
				CLANG_WARN_INT_CONVERSION = YES;
				CLANG_WARN_NON_LITERAL_NULL_CONVERSION = YES;
				CLANG_WARN_OBJC_LITERAL_CONVERSION = YES;
				CLANG_WARN_OBJC_ROOT_CLASS = YES_ERROR;
				CLANG_WARN_RANGE_LOOP_ANALYSIS = YES;
				CLANG_WARN_STRICT_PROTOTYPES = YES;
				CLANG_WARN_SUSPICIOUS_MOVE = YES;
				CLANG_WARN_UNGUARDED_AVAILABILITY = YES_AGGRESSIVE;
				CLANG_WARN_UNREACHABLE_CODE = YES;
				CLANG_WARN__DUPLICATE_METHOD_MATCH = YES;
				CODE_SIGN_IDENTITY = "iPhone Developer";
				COPY_PHASE_STRIP = NO;
				DEBUG_INFORMATION_FORMAT = "dwarf-with-dsym";
				ENABLE_NS_ASSERTIONS = NO;
				ENABLE_STRICT_OBJC_MSGSEND = YES;
				GCC_C_LANGUAGE_STANDARD = gnu11;
				GCC_NO_COMMON_BLOCKS = YES;
				GCC_WARN_64_TO_32_BIT_CONVERSION = YES;
				GCC_WARN_ABOUT_RETURN_TYPE = YES_ERROR;
				GCC_WARN_UNDECLARED_SELECTOR = YES;
				GCC_WARN_UNINITIALIZED_AUTOS = YES_AGGRESSIVE;
				GCC_WARN_UNUSED_FUNCTION = YES;
				GCC_WARN_UNUSED_VARIABLE = YES;
				IPHONEOS_DEPLOYMENT_TARGET = 11.0;
				MTL_ENABLE_DEBUG_INFO = NO;
				SDKROOT = iphoneos;
				SWIFT_OPTIMIZATION_LEVEL = "-Owholemodule";
				VALIDATE_PRODUCT = YES;
			};
			name = Release;
		};
		84FEF4F91F89274000679AD4 /* Debug */ = {
			isa = XCBuildConfiguration;
			buildSettings = {
				ASSETCATALOG_COMPILER_APPICON_NAME = AppIcon;
				CODE_SIGN_STYLE = Automatic;
				DEVELOPMENT_TEAM = 72P8VD7R57;
				INFOPLIST_FILE = pdfKitSampler/Info.plist;
				LD_RUNPATH_SEARCH_PATHS = "$(inherited) @executable_path/Frameworks";
				PRODUCT_BUNDLE_IDENTIFIER = com.greatag.pdfKitSampler;
				PRODUCT_NAME = "$(TARGET_NAME)";
				SWIFT_VERSION = 4.0;
				TARGETED_DEVICE_FAMILY = "1,2";
			};
			name = Debug;
		};
		84FEF4FA1F89274000679AD4 /* Release */ = {
			isa = XCBuildConfiguration;
			buildSettings = {
				ASSETCATALOG_COMPILER_APPICON_NAME = AppIcon;
				CODE_SIGN_STYLE = Automatic;
				DEVELOPMENT_TEAM = 72P8VD7R57;
				INFOPLIST_FILE = pdfKitSampler/Info.plist;
				LD_RUNPATH_SEARCH_PATHS = "$(inherited) @executable_path/Frameworks";
				PRODUCT_BUNDLE_IDENTIFIER = com.greatag.pdfKitSampler;
				PRODUCT_NAME = "$(TARGET_NAME)";
				SWIFT_VERSION = 4.0;
				TARGETED_DEVICE_FAMILY = "1,2";
			};
			name = Release;
		};
		84FEF4FC1F89274000679AD4 /* Debug */ = {
			isa = XCBuildConfiguration;
			buildSettings = {
				ALWAYS_EMBED_SWIFT_STANDARD_LIBRARIES = YES;
				BUNDLE_LOADER = "$(TEST_HOST)";
				CODE_SIGN_STYLE = Automatic;
				DEVELOPMENT_TEAM = 72P8VD7R57;
				INFOPLIST_FILE = pdfKitSamplerTests/Info.plist;
				LD_RUNPATH_SEARCH_PATHS = "$(inherited) @executable_path/Frameworks @loader_path/Frameworks";
				PRODUCT_BUNDLE_IDENTIFIER = com.greatag.pdfKitSamplerTests;
				PRODUCT_NAME = "$(TARGET_NAME)";
				SWIFT_VERSION = 4.0;
				TARGETED_DEVICE_FAMILY = "1,2";
				TEST_HOST = "$(BUILT_PRODUCTS_DIR)/pdfKitSampler.app/pdfKitSampler";
			};
			name = Debug;
		};
		84FEF4FD1F89274000679AD4 /* Release */ = {
			isa = XCBuildConfiguration;
			buildSettings = {
				ALWAYS_EMBED_SWIFT_STANDARD_LIBRARIES = YES;
				BUNDLE_LOADER = "$(TEST_HOST)";
				CODE_SIGN_STYLE = Automatic;
				DEVELOPMENT_TEAM = 72P8VD7R57;
				INFOPLIST_FILE = pdfKitSamplerTests/Info.plist;
				LD_RUNPATH_SEARCH_PATHS = "$(inherited) @executable_path/Frameworks @loader_path/Frameworks";
				PRODUCT_BUNDLE_IDENTIFIER = com.greatag.pdfKitSamplerTests;
				PRODUCT_NAME = "$(TARGET_NAME)";
				SWIFT_VERSION = 4.0;
				TARGETED_DEVICE_FAMILY = "1,2";
				TEST_HOST = "$(BUILT_PRODUCTS_DIR)/pdfKitSampler.app/pdfKitSampler";
			};
			name = Release;
		};
		84FEF4FF1F89274000679AD4 /* Debug */ = {
			isa = XCBuildConfiguration;
			buildSettings = {
				ALWAYS_EMBED_SWIFT_STANDARD_LIBRARIES = YES;
				CODE_SIGN_STYLE = Automatic;
				DEVELOPMENT_TEAM = 72P8VD7R57;
				INFOPLIST_FILE = pdfKitSamplerUITests/Info.plist;
				LD_RUNPATH_SEARCH_PATHS = "$(inherited) @executable_path/Frameworks @loader_path/Frameworks";
				PRODUCT_BUNDLE_IDENTIFIER = com.greatag.pdfKitSamplerUITests;
				PRODUCT_NAME = "$(TARGET_NAME)";
				SWIFT_VERSION = 4.0;
				TARGETED_DEVICE_FAMILY = "1,2";
				TEST_TARGET_NAME = pdfKitSampler;
			};
			name = Debug;
		};
		84FEF5001F89274000679AD4 /* Release */ = {
			isa = XCBuildConfiguration;
			buildSettings = {
				ALWAYS_EMBED_SWIFT_STANDARD_LIBRARIES = YES;
				CODE_SIGN_STYLE = Automatic;
				DEVELOPMENT_TEAM = 72P8VD7R57;
				INFOPLIST_FILE = pdfKitSamplerUITests/Info.plist;
				LD_RUNPATH_SEARCH_PATHS = "$(inherited) @executable_path/Frameworks @loader_path/Frameworks";
				PRODUCT_BUNDLE_IDENTIFIER = com.greatag.pdfKitSamplerUITests;
				PRODUCT_NAME = "$(TARGET_NAME)";
				SWIFT_VERSION = 4.0;
				TARGETED_DEVICE_FAMILY = "1,2";
				TEST_TARGET_NAME = pdfKitSampler;
			};
			name = Release;
		};
/* End XCBuildConfiguration section */

/* Begin XCConfigurationList section */
		84FEF4CB1F89273F00679AD4 /* Build configuration list for PBXProject "pdfKitSampler" */ = {
			isa = XCConfigurationList;
			buildConfigurations = (
				84FEF4F61F89274000679AD4 /* Debug */,
				84FEF4F71F89274000679AD4 /* Release */,
			);
			defaultConfigurationIsVisible = 0;
			defaultConfigurationName = Release;
		};
		84FEF4F81F89274000679AD4 /* Build configuration list for PBXNativeTarget "pdfKitSampler" */ = {
			isa = XCConfigurationList;
			buildConfigurations = (
				84FEF4F91F89274000679AD4 /* Debug */,
				84FEF4FA1F89274000679AD4 /* Release */,
			);
			defaultConfigurationIsVisible = 0;
			defaultConfigurationName = Release;
		};
		84FEF4FB1F89274000679AD4 /* Build configuration list for PBXNativeTarget "pdfKitSamplerTests" */ = {
			isa = XCConfigurationList;
			buildConfigurations = (
				84FEF4FC1F89274000679AD4 /* Debug */,
				84FEF4FD1F89274000679AD4 /* Release */,
			);
			defaultConfigurationIsVisible = 0;
			defaultConfigurationName = Release;
		};
		84FEF4FE1F89274000679AD4 /* Build configuration list for PBXNativeTarget "pdfKitSamplerUITests" */ = {
			isa = XCConfigurationList;
			buildConfigurations = (
				84FEF4FF1F89274000679AD4 /* Debug */,
				84FEF5001F89274000679AD4 /* Release */,
			);
			defaultConfigurationIsVisible = 0;
			defaultConfigurationName = Release;
		};
/* End XCConfigurationList section */
	};
	rootObject = 84FEF4C81F89273F00679AD4 /* Project object */;
}
